
Microsoft Visual Studio Solution File, Format Version 12.00
# Visual Studio Version 17
VisualStudioVersion = 17.6.33815.320
MinimumVisualStudioVersion = 10.0.40219.1
Project("{FAE04EC0-301F-11D3-BF4B-00C04F79EFBC}") = "APIVersioning", "APIVersioning\APIVersioning.csproj", "{7DDD2CCD-7B8D-4985-8B90-1903CF3F41EC}"
EndProject
Global
	GlobalSection(SolutionConfigurationPlatforms) = preSolution
		Debug|Any CPU = Debug|Any CPU
		Release|Any CPU = Release|Any CPU
	EndGlobalSection
	GlobalSection(ProjectConfigurationPlatforms) = postSolution
		{7DDD2CCD-7B8D-4985-8B90-1903CF3F41EC}.Debug|Any CPU.ActiveCfg = Debug|Any CPU
		{7DDD2CCD-7B8D-4985-8B90-1903CF3F41EC}.Debug|Any CPU.Build.0 = Debug|Any CPU
		{7DDD2CCD-7B8D-4985-8B90-1903CF3F41EC}.Release|Any CPU.ActiveCfg = Release|Any CPU
		{7DDD2CCD-7B8D-4985-8B90-1903CF3F41EC}.Release|Any CPU.Build.0 = Release|Any CPU
	EndGlobalSection
	GlobalSection(SolutionProperties) = preSolution
		HideSolutionNode = FALSE
	EndGlobalSection
	GlobalSection(ExtensibilityGlobals) = postSolution
		SolutionGuid = {BBB3AA23-F232-4087-BBD0-75AFE707D6B7}
	EndGlobalSection
EndGlobal
